// !$*UTF8*$!
{
	archiveVersion = 1;
	classes = {
	};
	objectVersion = 50;
	objects = {

/* Begin PBXBuildFile section */
		49124AD1216CA25700A314E7 /* AppDelegate.swift in Sources */ = {isa = PBXBuildFile; fileRef = 49124AD0216CA25700A314E7 /* AppDelegate.swift */; };
		49124AD3216CA25700A314E7 /* ViewController.swift in Sources */ = {isa = PBXBuildFile; fileRef = 49124AD2216CA25700A314E7 /* ViewController.swift */; };
		49124AD6216CA25700A314E7 /* Main.storyboard in Resources */ = {isa = PBXBuildFile; fileRef = 49124AD4216CA25700A314E7 /* Main.storyboard */; };
		49124AD8216CA25800A314E7 /* Assets.xcassets in Resources */ = {isa = PBXBuildFile; fileRef = 49124AD7216CA25800A314E7 /* Assets.xcassets */; };
		49124ADB216CA25800A314E7 /* LaunchScreen.storyboard in Resources */ = {isa = PBXBuildFile; fileRef = 49124AD9216CA25800A314E7 /* LaunchScreen.storyboard */; };
		49124AE6216CA25800A314E7 /* penghitung_bangun_datarTests.swift in Sources */ = {isa = PBXBuildFile; fileRef = 49124AE5216CA25800A314E7 /* penghitung_bangun_datarTests.swift */; };
		49124AF1216CA25800A314E7 /* penghitung_bangun_datarUITests.swift in Sources */ = {isa = PBXBuildFile; fileRef = 49124AF0216CA25800A314E7 /* penghitung_bangun_datarUITests.swift */; };
		49124AFF216CAB2E00A314E7 /* bagunruangViewController.swift in Sources */ = {isa = PBXBuildFile; fileRef = 49124AFE216CAB2E00A314E7 /* bagunruangViewController.swift */; };
		4913BE8A216CEE3B0071E1A6 /* bangundatar3ViewController.swift in Sources */ = {isa = PBXBuildFile; fileRef = 4913BE89216CEE3B0071E1A6 /* bangundatar3ViewController.swift */; };
		4913BE8C216CF5640071E1A6 /* bagundatar4ViewController.swift in Sources */ = {isa = PBXBuildFile; fileRef = 4913BE8B216CF5640071E1A6 /* bagundatar4ViewController.swift */; };
		4913BE8E216CFF1D0071E1A6 /* bangundatar5ViewController.swift in Sources */ = {isa = PBXBuildFile; fileRef = 4913BE8D216CFF1D0071E1A6 /* bangundatar5ViewController.swift */; };
		4913BE90216D079D0071E1A6 /* bagundatar6ViewController.swift in Sources */ = {isa = PBXBuildFile; fileRef = 4913BE8F216D079D0071E1A6 /* bagundatar6ViewController.swift */; };
		4913BE92216D12AA0071E1A6 /* bangundatar7ViewController.swift in Sources */ = {isa = PBXBuildFile; fileRef = 4913BE91216D12AA0071E1A6 /* bangundatar7ViewController.swift */; };
		4913BE94216D17FB0071E1A6 /* bangundatar8ViewController.swift in Sources */ = {isa = PBXBuildFile; fileRef = 4913BE93216D17FB0071E1A6 /* bangundatar8ViewController.swift */; };
		49196C4B216D885200F8A8BD /* bangundatar9ViewController.swift in Sources */ = {isa = PBXBuildFile; fileRef = 49196C4A216D885200F8A8BD /* bangundatar9ViewController.swift */; };
/* End PBXBuildFile section */

/* Begin PBXContainerItemProxy section */
		49124AE2216CA25800A314E7 /* PBXContainerItemProxy */ = {
			isa = PBXContainerItemProxy;
			containerPortal = 49124AC5216CA25700A314E7 /* Project object */;
			proxyType = 1;
			remoteGlobalIDString = 49124ACC216CA25700A314E7;
			remoteInfo = "penghitung bangun datar";
		};
		49124AED216CA25800A314E7 /* PBXContainerItemProxy */ = {
			isa = PBXContainerItemProxy;
			containerPortal = 49124AC5216CA25700A314E7 /* Project object */;
			proxyType = 1;
			remoteGlobalIDString = 49124ACC216CA25700A314E7;
			remoteInfo = "penghitung bangun datar";
		};
/* End PBXContainerItemProxy section */

/* Begin PBXFileReference section */
		49124ACD216CA25700A314E7 /* penghitung bangun datar.app */ = {isa = PBXFileReference; explicitFileType = wrapper.application; includeInIndex = 0; path = "penghitung bangun datar.app"; sourceTree = BUILT_PRODUCTS_DIR; };
		49124AD0216CA25700A314E7 /* AppDelegate.swift */ = {isa = PBXFileReference; lastKnownFileType = sourcecode.swift; path = AppDelegate.swift; sourceTree = "<group>"; };
		49124AD2216CA25700A314E7 /* ViewController.swift */ = {isa = PBXFileReference; lastKnownFileType = sourcecode.swift; path = ViewController.swift; sourceTree = "<group>"; };
		49124AD5216CA25700A314E7 /* Base */ = {isa = PBXFileReference; lastKnownFileType = file.storyboard; name = Base; path = Base.lproj/Main.storyboard; sourceTree = "<group>"; };
		49124AD7216CA25800A314E7 /* Assets.xcassets */ = {isa = PBXFileReference; lastKnownFileType = folder.assetcatalog; path = Assets.xcassets; sourceTree = "<group>"; };
		49124ADA216CA25800A314E7 /* Base */ = {isa = PBXFileReference; lastKnownFileType = file.storyboard; name = Base; path = Base.lproj/LaunchScreen.storyboard; sourceTree = "<group>"; };
		49124ADC216CA25800A314E7 /* Info.plist */ = {isa = PBXFileReference; lastKnownFileType = text.plist.xml; path = Info.plist; sourceTree = "<group>"; };
		49124AE1216CA25800A314E7 /* penghitung bangun datarTests.xctest */ = {isa = PBXFileReference; explicitFileType = wrapper.cfbundle; includeInIndex = 0; path = "penghitung bangun datarTests.xctest"; sourceTree = BUILT_PRODUCTS_DIR; };
		49124AE5216CA25800A314E7 /* penghitung_bangun_datarTests.swift */ = {isa = PBXFileReference; lastKnownFileType = sourcecode.swift; path = penghitung_bangun_datarTests.swift; sourceTree = "<group>"; };
		49124AE7216CA25800A314E7 /* Info.plist */ = {isa = PBXFileReference; lastKnownFileType = text.plist.xml; path = Info.plist; sourceTree = "<group>"; };
		49124AEC216CA25800A314E7 /* penghitung bangun datarUITests.xctest */ = {isa = PBXFileReference; explicitFileType = wrapper.cfbundle; includeInIndex = 0; path = "penghitung bangun datarUITests.xctest"; sourceTree = BUILT_PRODUCTS_DIR; };
		49124AF0216CA25800A314E7 /* penghitung_bangun_datarUITests.swift */ = {isa = PBXFileReference; lastKnownFileType = sourcecode.swift; path = penghitung_bangun_datarUITests.swift; sourceTree = "<group>"; };
		49124AF2216CA25800A314E7 /* Info.plist */ = {isa = PBXFileReference; lastKnownFileType = text.plist.xml; path = Info.plist; sourceTree = "<group>"; };
		49124AFE216CAB2E00A314E7 /* bagunruangViewController.swift */ = {isa = PBXFileReference; lastKnownFileType = sourcecode.swift; path = bagunruangViewController.swift; sourceTree = "<group>"; };
		4913BE89216CEE3B0071E1A6 /* bangundatar3ViewController.swift */ = {isa = PBXFileReference; lastKnownFileType = sourcecode.swift; path = bangundatar3ViewController.swift; sourceTree = "<group>"; };
		4913BE8B216CF5640071E1A6 /* bagundatar4ViewController.swift */ = {isa = PBXFileReference; lastKnownFileType = sourcecode.swift; path = bagundatar4ViewController.swift; sourceTree = "<group>"; };
		4913BE8D216CFF1D0071E1A6 /* bangundatar5ViewController.swift */ = {isa = PBXFileReference; lastKnownFileType = sourcecode.swift; path = bangundatar5ViewController.swift; sourceTree = "<group>"; };
		4913BE8F216D079D0071E1A6 /* bagundatar6ViewController.swift */ = {isa = PBXFileReference; lastKnownFileType = sourcecode.swift; path = bagundatar6ViewController.swift; sourceTree = "<group>"; };
		4913BE91216D12AA0071E1A6 /* bangundatar7ViewController.swift */ = {isa = PBXFileReference; lastKnownFileType = sourcecode.swift; path = bangundatar7ViewController.swift; sourceTree = "<group>"; };
		4913BE93216D17FB0071E1A6 /* bangundatar8ViewController.swift */ = {isa = PBXFileReference; lastKnownFileType = sourcecode.swift; path = bangundatar8ViewController.swift; sourceTree = "<group>"; };
		49196C4A216D885200F8A8BD /* bangundatar9ViewController.swift */ = {isa = PBXFileReference; lastKnownFileType = sourcecode.swift; path = bangundatar9ViewController.swift; sourceTree = "<group>"; };
/* End PBXFileReference section */

/* Begin PBXFrameworksBuildPhase section */
		49124ACA216CA25700A314E7 /* Frameworks */ = {
			isa = PBXFrameworksBuildPhase;
			buildActionMask = 2147483647;
			files = (
			);
			runOnlyForDeploymentPostprocessing = 0;
		};
		49124ADE216CA25800A314E7 /* Frameworks */ = {
			isa = PBXFrameworksBuildPhase;
			buildActionMask = 2147483647;
			files = (
			);
			runOnlyForDeploymentPostprocessing = 0;
		};
		49124AE9216CA25800A314E7 /* Frameworks */ = {
			isa = PBXFrameworksBuildPhase;
			buildActionMask = 2147483647;
			files = (
			);
			runOnlyForDeploymentPostprocessing = 0;
		};
/* End PBXFrameworksBuildPhase section */

/* Begin PBXGroup section */
		49124AC4216CA25700A314E7 = {
			isa = PBXGroup;
			children = (
				4913BE8F216D079D0071E1A6 /* bagundatar6ViewController.swift */,
				49124ACF216CA25700A314E7 /* penghitung bangun datar */,
				49124AE4216CA25800A314E7 /* penghitung bangun datarTests */,
				49124AEF216CA25800A314E7 /* penghitung bangun datarUITests */,
				49124ACE216CA25700A314E7 /* Products */,
			);
			sourceTree = "<group>";
		};
		49124ACE216CA25700A314E7 /* Products */ = {
			isa = PBXGroup;
			children = (
				49124ACD216CA25700A314E7 /* penghitung bangun datar.app */,
				49124AE1216CA25800A314E7 /* penghitung bangun datarTests.xctest */,
				49124AEC216CA25800A314E7 /* penghitung bangun datarUITests.xctest */,
			);
			name = Products;
			sourceTree = "<group>";
		};
		49124ACF216CA25700A314E7 /* penghitung bangun datar */ = {
			isa = PBXGroup;
			children = (
				49124AD0216CA25700A314E7 /* AppDelegate.swift */,
				49124AD2216CA25700A314E7 /* ViewController.swift */,
				49124AD4216CA25700A314E7 /* Main.storyboard */,
				49196C4A216D885200F8A8BD /* bangundatar9ViewController.swift */,
				4913BE93216D17FB0071E1A6 /* bangundatar8ViewController.swift */,
				4913BE91216D12AA0071E1A6 /* bangundatar7ViewController.swift */,
				4913BE8D216CFF1D0071E1A6 /* bangundatar5ViewController.swift */,
				4913BE8B216CF5640071E1A6 /* bagundatar4ViewController.swift */,
				4913BE89216CEE3B0071E1A6 /* bangundatar3ViewController.swift */,
				49124AFE216CAB2E00A314E7 /* bagunruangViewController.swift */,
				49124AD7216CA25800A314E7 /* Assets.xcassets */,
				49124AD9216CA25800A314E7 /* LaunchScreen.storyboard */,
				49124ADC216CA25800A314E7 /* Info.plist */,
			);
			path = "penghitung bangun datar";
			sourceTree = "<group>";
		};
		49124AE4216CA25800A314E7 /* penghitung bangun datarTests */ = {
			isa = PBXGroup;
			children = (
				49124AE5216CA25800A314E7 /* penghitung_bangun_datarTests.swift */,
				49124AE7216CA25800A314E7 /* Info.plist */,
			);
			path = "penghitung bangun datarTests";
			sourceTree = "<group>";
		};
		49124AEF216CA25800A314E7 /* penghitung bangun datarUITests */ = {
			isa = PBXGroup;
			children = (
				49124AF0216CA25800A314E7 /* penghitung_bangun_datarUITests.swift */,
				49124AF2216CA25800A314E7 /* Info.plist */,
			);
			path = "penghitung bangun datarUITests";
			sourceTree = "<group>";
		};
/* End PBXGroup section */

/* Begin PBXNativeTarget section */
		49124ACC216CA25700A314E7 /* penghitung bangun datar */ = {
			isa = PBXNativeTarget;
			buildConfigurationList = 49124AF5216CA25800A314E7 /* Build configuration list for PBXNativeTarget "penghitung bangun datar" */;
			buildPhases = (
				49124AC9216CA25700A314E7 /* Sources */,
				49124ACA216CA25700A314E7 /* Frameworks */,
				49124ACB216CA25700A314E7 /* Resources */,
			);
			buildRules = (
			);
			dependencies = (
			);
			name = "penghitung bangun datar";
			productName = "penghitung bangun datar";
			productReference = 49124ACD216CA25700A314E7 /* penghitung bangun datar.app */;
			productType = "com.apple.product-type.application";
		};
		49124AE0216CA25800A314E7 /* penghitung bangun datarTests */ = {
			isa = PBXNativeTarget;
			buildConfigurationList = 49124AF8216CA25800A314E7 /* Build configuration list for PBXNativeTarget "penghitung bangun datarTests" */;
			buildPhases = (
				49124ADD216CA25800A314E7 /* Sources */,
				49124ADE216CA25800A314E7 /* Frameworks */,
				49124ADF216CA25800A314E7 /* Resources */,
			);
			buildRules = (
			);
			dependencies = (
				49124AE3216CA25800A314E7 /* PBXTargetDependency */,
			);
			name = "penghitung bangun datarTests";
			productName = "penghitung bangun datarTests";
			productReference = 49124AE1216CA25800A314E7 /* penghitung bangun datarTests.xctest */;
			productType = "com.apple.product-type.bundle.unit-test";
		};
		49124AEB216CA25800A314E7 /* penghitung bangun datarUITests */ = {
			isa = PBXNativeTarget;
			buildConfigurationList = 49124AFB216CA25800A314E7 /* Build configuration list for PBXNativeTarget "penghitung bangun datarUITests" */;
			buildPhases = (
				49124AE8216CA25800A314E7 /* Sources */,
				49124AE9216CA25800A314E7 /* Frameworks */,
				49124AEA216CA25800A314E7 /* Resources */,
			);
			buildRules = (
			);
			dependencies = (
				49124AEE216CA25800A314E7 /* PBXTargetDependency */,
			);
			name = "penghitung bangun datarUITests";
			productName = "penghitung bangun datarUITests";
			productReference = 49124AEC216CA25800A314E7 /* penghitung bangun datarUITests.xctest */;
			productType = "com.apple.product-type.bundle.ui-testing";
		};
/* End PBXNativeTarget section */

/* Begin PBXProject section */
		49124AC5216CA25700A314E7 /* Project object */ = {
			isa = PBXProject;
			attributes = {
				LastSwiftUpdateCheck = 0940;
				LastUpgradeCheck = 0940;
				ORGANIZATIONNAME = habdev;
				TargetAttributes = {
					49124ACC216CA25700A314E7 = {
						CreatedOnToolsVersion = 9.4;
					};
					49124AE0216CA25800A314E7 = {
						CreatedOnToolsVersion = 9.4;
						TestTargetID = 49124ACC216CA25700A314E7;
					};
					49124AEB216CA25800A314E7 = {
						CreatedOnToolsVersion = 9.4;
						TestTargetID = 49124ACC216CA25700A314E7;
					};
				};
			};
			buildConfigurationList = 49124AC8216CA25700A314E7 /* Build configuration list for PBXProject "penghitung bangun datar" */;
			compatibilityVersion = "Xcode 9.3";
			developmentRegion = en;
			hasScannedForEncodings = 0;
			knownRegions = (
				en,
				Base,
			);
			mainGroup = 49124AC4216CA25700A314E7;
			productRefGroup = 49124ACE216CA25700A314E7 /* Products */;
			projectDirPath = "";
			projectRoot = "";
			targets = (
				49124ACC216CA25700A314E7 /* penghitung bangun datar */,
				49124AE0216CA25800A314E7 /* penghitung bangun datarTests */,
				49124AEB216CA25800A314E7 /* penghitung bangun datarUITests */,
			);
		};
/* End PBXProject section */

/* Begin PBXResourcesBuildPhase section */
		49124ACB216CA25700A314E7 /* Resources */ = {
			isa = PBXResourcesBuildPhase;
			buildActionMask = 2147483647;
			files = (
				49124ADB216CA25800A314E7 /* LaunchScreen.storyboard in Resources */,
				49124AD8216CA25800A314E7 /* Assets.xcassets in Resources */,
				49124AD6216CA25700A314E7 /* Main.storyboard in Resources */,
			);
			runOnlyForDeploymentPostprocessing = 0;
		};
		49124ADF216CA25800A314E7 /* Resources */ = {
			isa = PBXResourcesBuildPhase;
			buildActionMask = 2147483647;
			files = (
			);
			runOnlyForDeploymentPostprocessing = 0;
		};
		49124AEA216CA25800A314E7 /* Resources */ = {
			isa = PBXResourcesBuildPhase;
			buildActionMask = 2147483647;
			files = (
			);
			runOnlyForDeploymentPostprocessing = 0;
		};
/* End PBXResourcesBuildPhase section */

/* Begin PBXSourcesBuildPhase section */
		49124AC9216CA25700A314E7 /* Sources */ = {
			isa = PBXSourcesBuildPhase;
			buildActionMask = 2147483647;
			files = (
				4913BE92216D12AA0071E1A6 /* bangundatar7ViewController.swift in Sources */,
				4913BE8E216CFF1D0071E1A6 /* bangundatar5ViewController.swift in Sources */,
				4913BE8A216CEE3B0071E1A6 /* bangundatar3ViewController.swift in Sources */,
				4913BE90216D079D0071E1A6 /* bagundatar6ViewController.swift in Sources */,
				49124AD3216CA25700A314E7 /* ViewController.swift in Sources */,
				49124AFF216CAB2E00A314E7 /* bagunruangViewController.swift in Sources */,
				49196C4B216D885200F8A8BD /* bangundatar9ViewController.swift in Sources */,
				4913BE94216D17FB0071E1A6 /* bangundatar8ViewController.swift in Sources */,
				49124AD1216CA25700A314E7 /* AppDelegate.swift in Sources */,
				4913BE8C216CF5640071E1A6 /* bagundatar4ViewController.swift in Sources */,
			);
			runOnlyForDeploymentPostprocessing = 0;
		};
		49124ADD216CA25800A314E7 /* Sources */ = {
			isa = PBXSourcesBuildPhase;
			buildActionMask = 2147483647;
			files = (
				49124AE6216CA25800A314E7 /* penghitung_bangun_datarTests.swift in Sources */,
			);
			runOnlyForDeploymentPostprocessing = 0;
		};
		49124AE8216CA25800A314E7 /* Sources */ = {
			isa = PBXSourcesBuildPhase;
			buildActionMask = 2147483647;
			files = (
				49124AF1216CA25800A314E7 /* penghitung_bangun_datarUITests.swift in Sources */,
			);
			runOnlyForDeploymentPostprocessing = 0;
		};
/* End PBXSourcesBuildPhase section */

/* Begin PBXTargetDependency section */
		49124AE3216CA25800A314E7 /* PBXTargetDependency */ = {
			isa = PBXTargetDependency;
			target = 49124ACC216CA25700A314E7 /* penghitung bangun datar */;
			targetProxy = 49124AE2216CA25800A314E7 /* PBXContainerItemProxy */;
		};
		49124AEE216CA25800A314E7 /* PBXTargetDependency */ = {
			isa = PBXTargetDependency;
			target = 49124ACC216CA25700A314E7 /* penghitung bangun datar */;
			targetProxy = 49124AED216CA25800A314E7 /* PBXContainerItemProxy */;
		};
/* End PBXTargetDependency section */

/* Begin PBXVariantGroup section */
		49124AD4216CA25700A314E7 /* Main.storyboard */ = {
			isa = PBXVariantGroup;
			children = (
				49124AD5216CA25700A314E7 /* Base */,
			);
			name = Main.storyboard;
			sourceTree = "<group>";
		};
		49124AD9216CA25800A314E7 /* LaunchScreen.storyboard */ = {
			isa = PBXVariantGroup;
			children = (
				49124ADA216CA25800A314E7 /* Base */,
			);
			name = LaunchScreen.storyboard;
			sourceTree = "<group>";
		};
/* End PBXVariantGroup section */

/* Begin XCBuildConfiguration section */
		49124AF3216CA25800A314E7 /* Debug */ = {
			isa = XCBuildConfiguration;
			buildSettings = {
				ALWAYS_SEARCH_USER_PATHS = NO;
				CLANG_ANALYZER_NONNULL = YES;
				CLANG_ANALYZER_NUMBER_OBJECT_CONVERSION = YES_AGGRESSIVE;
				CLANG_CXX_LANGUAGE_STANDARD = "gnu++14";
				CLANG_CXX_LIBRARY = "libc++";
				CLANG_ENABLE_MODULES = YES;
				CLANG_ENABLE_OBJC_ARC = YES;
				CLANG_ENABLE_OBJC_WEAK = YES;
				CLANG_WARN_BLOCK_CAPTURE_AUTORELEASING = YES;
				CLANG_WARN_BOOL_CONVERSION = YES;
				CLANG_WARN_COMMA = YES;
				CLANG_WARN_CONSTANT_CONVERSION = YES;
				CLANG_WARN_DEPRECATED_OBJC_IMPLEMENTATIONS = YES;
				CLANG_WARN_DIRECT_OBJC_ISA_USAGE = YES_ERROR;
				CLANG_WARN_DOCUMENTATION_COMMENTS = YES;
				CLANG_WARN_EMPTY_BODY = YES;
				CLANG_WARN_ENUM_CONVERSION = YES;
				CLANG_WARN_INFINITE_RECURSION = YES;
				CLANG_WARN_INT_CONVERSION = YES;
				CLANG_WARN_NON_LITERAL_NULL_CONVERSION = YES;
				CLANG_WARN_OBJC_IMPLICIT_RETAIN_SELF = YES;
				CLANG_WARN_OBJC_LITERAL_CONVERSION = YES;
				CLANG_WARN_OBJC_ROOT_CLASS = YES_ERROR;
				CLANG_WARN_RANGE_LOOP_ANALYSIS = YES;
				CLANG_WARN_STRICT_PROTOTYPES = YES;
				CLANG_WARN_SUSPICIOUS_MOVE = YES;
				CLANG_WARN_UNGUARDED_AVAILABILITY = YES_AGGRESSIVE;
				CLANG_WARN_UNREACHABLE_CODE = YES;
				CLANG_WARN__DUPLICATE_METHOD_MATCH = YES;
				CODE_SIGN_IDENTITY = "iPhone Developer";
				COPY_PHASE_STRIP = NO;
				DEBUG_INFORMATION_FORMAT = dwarf;
				ENABLE_STRICT_OBJC_MSGSEND = YES;
				ENABLE_TESTABILITY = YES;
				GCC_C_LANGUAGE_STANDARD = gnu11;
				GCC_DYNAMIC_NO_PIC = NO;
				GCC_NO_COMMON_BLOCKS = YES;
				GCC_OPTIMIZATION_LEVEL = 0;
				GCC_PREPROCESSOR_DEFINITIONS = (
					"DEBUG=1",
					"$(inherited)",
				);
				GCC_WARN_64_TO_32_BIT_CONVERSION = YES;
				GCC_WARN_ABOUT_RETURN_TYPE = YES_ERROR;
				GCC_WARN_UNDECLARED_SELECTOR = YES;
				GCC_WARN_UNINITIALIZED_AUTOS = YES_AGGRESSIVE;
				GCC_WARN_UNUSED_FUNCTION = YES;
				GCC_WARN_UNUSED_VARIABLE = YES;
				IPHONEOS_DEPLOYMENT_TARGET = 11.4;
				MTL_ENABLE_DEBUG_INFO = YES;
				ONLY_ACTIVE_ARCH = YES;
				SDKROOT = iphoneos;
				SWIFT_ACTIVE_COMPILATION_CONDITIONS = DEBUG;
				SWIFT_OPTIMIZATION_LEVEL = "-Onone";
			};
			name = Debug;
		};
		49124AF4216CA25800A314E7 /* Release */ = {
			isa = XCBuildConfiguration;
			buildSettings = {
				ALWAYS_SEARCH_USER_PATHS = NO;
				CLANG_ANALYZER_NONNULL = YES;
				CLANG_ANALYZER_NUMBER_OBJECT_CONVERSION = YES_AGGRESSIVE;
				CLANG_CXX_LANGUAGE_STANDARD = "gnu++14";
				CLANG_CXX_LIBRARY = "libc++";
				CLANG_ENABLE_MODULES = YES;
				CLANG_ENABLE_OBJC_ARC = YES;
				CLANG_ENABLE_OBJC_WEAK = YES;
				CLANG_WARN_BLOCK_CAPTURE_AUTORELEASING = YES;
				CLANG_WARN_BOOL_CONVERSION = YES;
				CLANG_WARN_COMMA = YES;
				CLANG_WARN_CONSTANT_CONVERSION = YES;
				CLANG_WARN_DEPRECATED_OBJC_IMPLEMENTATIONS = YES;
				CLANG_WARN_DIRECT_OBJC_ISA_USAGE = YES_ERROR;
				CLANG_WARN_DOCUMENTATION_COMMENTS = YES;
				CLANG_WARN_EMPTY_BODY = YES;
				CLANG_WARN_ENUM_CONVERSION = YES;
				CLANG_WARN_INFINITE_RECURSION = YES;
				CLANG_WARN_INT_CONVERSION = YES;
				CLANG_WARN_NON_LITERAL_NULL_CONVERSION = YES;
				CLANG_WARN_OBJC_IMPLICIT_RETAIN_SELF = YES;
				CLANG_WARN_OBJC_LITERAL_CONVERSION = YES;
				CLANG_WARN_OBJC_ROOT_CLASS = YES_ERROR;
				CLANG_WARN_RANGE_LOOP_ANALYSIS = YES;
				CLANG_WARN_STRICT_PROTOTYPES = YES;
				CLANG_WARN_SUSPICIOUS_MOVE = YES;
				CLANG_WARN_UNGUARDED_AVAILABILITY = YES_AGGRESSIVE;
				CLANG_WARN_UNREACHABLE_CODE = YES;
				CLANG_WARN__DUPLICATE_METHOD_MATCH = YES;
				CODE_SIGN_IDENTITY = "iPhone Developer";
				COPY_PHASE_STRIP = NO;
				DEBUG_INFORMATION_FORMAT = "dwarf-with-dsym";
				ENABLE_NS_ASSERTIONS = NO;
				ENABLE_STRICT_OBJC_MSGSEND = YES;
				GCC_C_LANGUAGE_STANDARD = gnu11;
				GCC_NO_COMMON_BLOCKS = YES;
				GCC_WARN_64_TO_32_BIT_CONVERSION = YES;
				GCC_WARN_ABOUT_RETURN_TYPE = YES_ERROR;
				GCC_WARN_UNDECLARED_SELECTOR = YES;
				GCC_WARN_UNINITIALIZED_AUTOS = YES_AGGRESSIVE;
				GCC_WARN_UNUSED_FUNCTION = YES;
				GCC_WARN_UNUSED_VARIABLE = YES;
				IPHONEOS_DEPLOYMENT_TARGET = 11.4;
				MTL_ENABLE_DEBUG_INFO = NO;
				SDKROOT = iphoneos;
				SWIFT_COMPILATION_MODE = wholemodule;
				SWIFT_OPTIMIZATION_LEVEL = "-O";
				VALIDATE_PRODUCT = YES;
			};
			name = Release;
		};
		49124AF6216CA25800A314E7 /* Debug */ = {
			isa = XCBuildConfiguration;
			buildSettings = {
				ASSETCATALOG_COMPILER_APPICON_NAME = AppIcon;
				CODE_SIGN_STYLE = Automatic;
				INFOPLIST_FILE = "penghitung bangun datar/Info.plist";
				LD_RUNPATH_SEARCH_PATHS = (
					"$(inherited)",
					"@executable_path/Frameworks",
				);
				PRODUCT_BUNDLE_IDENTIFIER = "devex.penghitung-bangun-datar";
				PRODUCT_NAME = "$(TARGET_NAME)";
				SWIFT_VERSION = 4.0;
				TARGETED_DEVICE_FAMILY = "1,2";
			};
			name = Debug;
		};
		49124AF7216CA25800A314E7 /* Release */ = {
			isa = XCBuildConfiguration;
			buildSettings = {
				ASSETCATALOG_COMPILER_APPICON_NAME = AppIcon;
				CODE_SIGN_STYLE = Automatic;
				INFOPLIST_FILE = "penghitung bangun datar/Info.plist";
				LD_RUNPATH_SEARCH_PATHS = (
					"$(inherited)",
					"@executable_path/Frameworks",
				);
				PRODUCT_BUNDLE_IDENTIFIER = "devex.penghitung-bangun-datar";
				PRODUCT_NAME = "$(TARGET_NAME)";
				SWIFT_VERSION = 4.0;
				TARGETED_DEVICE_FAMILY = "1,2";
			};
			name = Release;
		};
		49124AF9216CA25800A314E7 /* Debug */ = {
			isa = XCBuildConfiguration;
			buildSettings = {
				ALWAYS_EMBED_SWIFT_STANDARD_LIBRARIES = YES;
				BUNDLE_LOADER = "$(TEST_HOST)";
				CODE_SIGN_STYLE = Automatic;
				INFOPLIST_FILE = "penghitung bangun datarTests/Info.plist";
				LD_RUNPATH_SEARCH_PATHS = (
					"$(inherited)",
					"@executable_path/Frameworks",
					"@loader_path/Frameworks",
				);
				PRODUCT_BUNDLE_IDENTIFIER = "devex.penghitung-bangun-datarTests";
				PRODUCT_NAME = "$(TARGET_NAME)";
				SWIFT_VERSION = 4.0;
				TARGETED_DEVICE_FAMILY = "1,2";
				TEST_HOST = "$(BUILT_PRODUCTS_DIR)/penghitung bangun datar.app/penghitung bangun datar";
			};
			name = Debug;
		};
		49124AFA216CA25800A314E7 /* Release */ = {
			isa = XCBuildConfiguration;
			buildSettings = {
				ALWAYS_EMBED_SWIFT_STANDARD_LIBRARIES = YES;
				BUNDLE_LOADER = "$(TEST_HOST)";
				CODE_SIGN_STYLE = Automatic;
				INFOPLIST_FILE = "penghitung bangun datarTests/Info.plist";
				LD_RUNPATH_SEARCH_PATHS = (
					"$(inherited)",
					"@executable_path/Frameworks",
					"@loader_path/Frameworks",
				);
				PRODUCT_BUNDLE_IDENTIFIER = "devex.penghitung-bangun-datarTests";
				PRODUCT_NAME = "$(TARGET_NAME)";
				SWIFT_VERSION = 4.0;
				TARGETED_DEVICE_FAMILY = "1,2";
				TEST_HOST = "$(BUILT_PRODUCTS_DIR)/penghitung bangun datar.app/penghitung bangun datar";
			};
			name = Release;
		};
		49124AFC216CA25800A314E7 /* Debug */ = {
			isa = XCBuildConfiguration;
			buildSettings = {
				ALWAYS_EMBED_SWIFT_STANDARD_LIBRARIES = YES;
				CODE_SIGN_STYLE = Automatic;
				INFOPLIST_FILE = "penghitung bangun datarUITests/Info.plist";
				LD_RUNPATH_SEARCH_PATHS = (
					"$(inherited)",
					"@executable_path/Frameworks",
					"@loader_path/Frameworks",
				);
				PRODUCT_BUNDLE_IDENTIFIER = "devex.penghitung-bangun-datarUITests";
				PRODUCT_NAME = "$(TARGET_NAME)";
				SWIFT_VERSION = 4.0;
				TARGETED_DEVICE_FAMILY = "1,2";
				TEST_TARGET_NAME = "penghitung bangun datar";
			};
			name = Debug;
		};
		49124AFD216CA25800A314E7 /* Release */ = {
			isa = XCBuildConfiguration;
			buildSettings = {
				ALWAYS_EMBED_SWIFT_STANDARD_LIBRARIES = YES;
				CODE_SIGN_STYLE = Automatic;
				INFOPLIST_FILE = "penghitung bangun datarUITests/Info.plist";
				LD_RUNPATH_SEARCH_PATHS = (
					"$(inherited)",
					"@executable_path/Frameworks",
					"@loader_path/Frameworks",
				);
				PRODUCT_BUNDLE_IDENTIFIER = "devex.penghitung-bangun-datarUITests";
				PRODUCT_NAME = "$(TARGET_NAME)";
				SWIFT_VERSION = 4.0;
				TARGETED_DEVICE_FAMILY = "1,2";
				TEST_TARGET_NAME = "penghitung bangun datar";
			};
			name = Release;
		};
/* End XCBuildConfiguration section */

/* Begin XCConfigurationList section */
		49124AC8216CA25700A314E7 /* Build configuration list for PBXProject "penghitung bangun datar" */ = {
			isa = XCConfigurationList;
			buildConfigurations = (
				49124AF3216CA25800A314E7 /* Debug */,
				49124AF4216CA25800A314E7 /* Release */,
			);
			defaultConfigurationIsVisible = 0;
			defaultConfigurationName = Release;
		};
		49124AF5216CA25800A314E7 /* Build configuration list for PBXNativeTarget "penghitung bangun datar" */ = {
			isa = XCConfigurationList;
			buildConfigurations = (
				49124AF6216CA25800A314E7 /* Debug */,
				49124AF7216CA25800A314E7 /* Release */,
			);
			defaultConfigurationIsVisible = 0;
			defaultConfigurationName = Release;
		};
		49124AF8216CA25800A314E7 /* Build configuration list for PBXNativeTarget "penghitung bangun datarTests" */ = {
			isa = XCConfigurationList;
			buildConfigurations = (
				49124AF9216CA25800A314E7 /* Debug */,
				49124AFA216CA25800A314E7 /* Release */,
			);
			defaultConfigurationIsVisible = 0;
			defaultConfigurationName = Release;
		};
		49124AFB216CA25800A314E7 /* Build configuration list for PBXNativeTarget "penghitung bangun datarUITests" */ = {
			isa = XCConfigurationList;
			buildConfigurations = (
				49124AFC216CA25800A314E7 /* Debug */,
				49124AFD216CA25800A314E7 /* Release */,
			);
			defaultConfigurationIsVisible = 0;
			defaultConfigurationName = Release;
		};
/* End XCConfigurationList section */
	};
	rootObject = 49124AC5216CA25700A314E7 /* Project object */;
}
